
Microsoft Visual Studio Solution File, Format Version 11.00
# Visual Studio 2010
Project("{FAE04EC0-301F-11D3-BF4B-00C04F79EFBC}") = "DOTween.Modules", "DOTween.Modules.csproj", "{6ddf5dcb-aa71-2f5c-fcfb-576999d3357b}"
EndProject
Project("{FAE04EC0-301F-11D3-BF4B-00C04F79EFBC}") = "Assembly-CSharp", "Assembly-CSharp.csproj", "{91843020-ecec-7d0f-ced0-b944d54e8c51}"
EndProject
Global
	GlobalSection(SolutionConfigurationPlatforms) = preSolution
		Debug|Any CPU = Debug|Any CPU
	EndGlobalSection
	GlobalSection(ProjectConfigurationPlatforms) = postSolution
		{6ddf5dcb-aa71-2f5c-fcfb-576999d3357b}.Debug|Any CPU.ActiveCfg = Debug|Any CPU
		{6ddf5dcb-aa71-2f5c-fcfb-576999d3357b}.Debug|Any CPU.Build.0 = Debug|Any CPU
		{91843020-ecec-7d0f-ced0-b944d54e8c51}.Debug|Any CPU.ActiveCfg = Debug|Any CPU
		{91843020-ecec-7d0f-ced0-b944d54e8c51}.Debug|Any CPU.Build.0 = Debug|Any CPU
	EndGlobalSection
	GlobalSection(SolutionProperties) = preSolution
		HideSolutionNode = FALSE
	EndGlobalSection
EndGlobal
